
Microsoft Visual Studio Solution File, Format Version 12.00
# Visual Studio 14
VisualStudioVersion = 14.0.25420.1
MinimumVisualStudioVersion = 10.0.40219.1
Project("{FAE04EC0-301F-11D3-BF4B-00C04F79EFBC}") = "Client", "Client\Client.csproj", "{55B7598D-08E3-41BE-B9F3-20A83B37AD87}"
EndProject
Project("{2150E333-8FDC-42A3-9474-1A3956D46DE8}") = "Solution Items", "Solution Items", "{AC610D52-B1FB-410D-8054-CC42DF0D8618}"
EndProject
Project("{FAE04EC0-301F-11D3-BF4B-00C04F79EFBC}") = "UnitTestProject", "UnitTestProject\UnitTestProject.csproj", "{B0086CE4-7B04-44FF-A806-D562073C100C}"
EndProject
Global
	GlobalSection(SolutionConfigurationPlatforms) = preSolution
		Debug|Any CPU = Debug|Any CPU
		Release|Any CPU = Release|Any CPU
	EndGlobalSection
	GlobalSection(ProjectConfigurationPlatforms) = postSolution
		{55B7598D-08E3-41BE-B9F3-20A83B37AD87}.Debug|Any CPU.ActiveCfg = Debug|Any CPU
		{55B7598D-08E3-41BE-B9F3-20A83B37AD87}.Debug|Any CPU.Build.0 = Debug|Any CPU
		{55B7598D-08E3-41BE-B9F3-20A83B37AD87}.Release|Any CPU.ActiveCfg = Release|Any CPU
		{55B7598D-08E3-41BE-B9F3-20A83B37AD87}.Release|Any CPU.Build.0 = Release|Any CPU
		{B0086CE4-7B04-44FF-A806-D562073C100C}.Debug|Any CPU.ActiveCfg = Debug|Any CPU
		{B0086CE4-7B04-44FF-A806-D562073C100C}.Debug|Any CPU.Build.0 = Debug|Any CPU
		{B0086CE4-7B04-44FF-A806-D562073C100C}.Release|Any CPU.ActiveCfg = Release|Any CPU
		{B0086CE4-7B04-44FF-A806-D562073C100C}.Release|Any CPU.Build.0 = Release|Any CPU
	EndGlobalSection
	GlobalSection(SolutionProperties) = preSolution
		HideSolutionNode = FALSE
	EndGlobalSection
EndGlobal
